{
  "version": 4,
  "terraform_version": "1.8.0",
  "serial": 35,
  "lineage": "169c52c1-c4fb-3579-a521-81b2c9ee4766",
  "outputs": {
    "reservedip": {
      "value": "02h7-3cd1c3bc-4549-41a0-85fe-e5e964873c37/02h7-9b79e1d9-2a75-47e7-b921-ccf3738e0db8",
      "type": "string"
    }
  },
  "resources": [
    {
      "mode": "data",
      "type": "ibm_iam_auth_token",
      "name": "token_data",
      "provider": "provider[\"registry.terraform.io/ibm-cloud/ibm\"]",
      "instances": [
        {
          "schema_version": 0,
          "attributes": {
            "iam_access_token": "Bearer eyJraWQiOiIyMDI0MDQwNTA4MzkiLCJhbGciOiJSUzI1NiJ9.eyJpYW1faWQiOiJJQk1pZC0xMTAwMDBSMjNDIiwiaWQiOiJJQk1pZC0xMTAwMDBSMjNDIiwicmVhbG1pZCI6IklCTWlkIiwianRpIjoiNDUyM2NkMWMtOGYyOC00ZWEyLTgzOTYtMDRhOGNiYmI5ZWM2IiwiaWRlbnRpZmllciI6IjExMDAwMFIyM0MiLCJnaXZlbl9uYW1lIjoiSk9ZQ0UiLCJmYW1pbHlfbmFtZSI6IkpVU1RJTiIsIm5hbWUiOiJKT1lDRSBKVVNUSU4iLCJlbWFpbCI6IkpPSlVTVElOQElOLklCTS5DT00iLCJzdWIiOiJqb2p1c3RpbkBpbi5pYm0uY29tIiwiYXV0aG4iOnsic3ViIjoiam9qdXN0aW5AaW4uaWJtLmNvbSIsImlhbV9pZCI6IklCTWlkLTExMDAwMFIyM0MiLCJuYW1lIjoiSk9ZQ0UgSlVTVElOIiwiZ2l2ZW5fbmFtZSI6IkpPWUNFIiwiZmFtaWx5X25hbWUiOiJKVVNUSU4iLCJlbWFpbCI6IkpPSlVTVElOQElOLklCTS5DT00ifSwiYWNjb3VudCI6eyJ2YWxpZCI6dHJ1ZSwiYnNzIjoiYWJhYzBkZjA2YjY0NGE5Y2FiYzZlNDRmNTViMzg4MGUiLCJpbXNfdXNlcl9pZCI6IjEwMzEyNDI2IiwiZnJvemVuIjp0cnVlLCJpbXMiOiIyMzE0MDg4In0sImlhdCI6MTcxMzQxMDU5MywiZXhwIjoxNzEzNDE0MTkzLCJpc3MiOiJodHRwczovL2lhbS5jbG91ZC5pYm0uY29tL2lkZW50aXR5IiwiZ3JhbnRfdHlwZSI6InVybjppYm06cGFyYW1zOm9hdXRoOmdyYW50LXR5cGU6YXBpa2V5Iiwic2NvcGUiOiJpYm0gb3BlbmlkIiwiY2xpZW50X2lkIjoiYngiLCJhY3IiOjQsImFtciI6WyJtZmEiLCJwd2QiLCJod2siXX0.FYLV4-EDR6g-5H5wKmXUpuYyKEEXiGVGr9j7vKulInWwwIVRCflp7nFYVkYrJAlYFwd6NxQBtPpm19Njto8DWBdmA9OW9RH_2r7bYPqNPIXJ_eejZ6ZPJiAQRw241ybyIsfjtKsE-5F5fEJoQqqzhkH6ToBLD_ZJJ-npGAPWUmrVK2CXUojDm256iNiV5IsbnydtnLRYqllmdk2aK-X6uOStCvIW_cJg2k2isCqIkRHzFKJnJyNX0WksQQ51Zx2XijpRbiKhjVaficPYkRwzZiKqq65v5untq-IPAbiMLPRYgys6ZFa5X5SpB7xuup2DRpJOu-UTU00aWAUlzbeioA",
            "iam_refresh_token": "eyJhbGciOiJydCJ9.eyJpYW1faWQiOiJJQk1pZC0xMTAwMDBSMjNDIiwiYWNjb3VudF9pZCI6ImFiYWMwZGYwNmI2NDRhOWNhYmM2ZTQ0ZjU1YjM4ODBlIn0.jIgmokAjebh_3Kt5PgSVNXDQMr45r69dDlL0jufEKaInTBqyRnFcphZ8SMZ21hEVYh6hqBtEHb6qm5Cx8tf-QLI2aD-US_sFYsPtl1D5Zpu6b2LZU7dDfkGQj8K69mlNfacpqD150LRXGjC11Cui3hDHjrwBzWGwCSbfEtzYku66vEc6D9iQvIyWyGPVvdLis7evPxLVy7P09J5TXxhY3-u5oqMdRA1AKdW-h95OBm89e7s78FFS4ofFRaAO1sSVICOHe6AOkD-boaHg_b_msN1Q8okjSci3a618jcBVQlbKSfzsBLbGjGHjgOa7s2U_oa5K4k2wCwcYNEA3DG2Xac1KAYdsSNGkV7elJeXFQSXyrBl-C1y23D2N2jae9HRdBP2Ha11Ric9JST1rbu1ZHeOPjLFO9yOp8r_5je1XA3NVVtyrXyeGBEx0LqKke-BJXKieKUbOA8KzEaqCCA8CDPlT6hoJV6MPThgrSH4_pJDPWRQTcURA89UDzhvpyo7zwjjFisegnzu5wnqNznP_08FBb_UZI_7syihkD2vS9fuyYVQ_V0Zxdx1bhzySxu1EnHMqpFPmWYLIO4Gn51dbpYvdFNPyeQqdhPe5n2ESIC4KnkyLsQXuwu8u7KfcBxk9OWoY592MZSYSKvG4yofFou2_A_Q9OUcfDq16YMrmm8e2PxZnzI8vRq9e5tOY39_sRqNZc7p3pb32Jg0PEKrmP2FI-HeWXozcCcryUzY0i92H_tPcQcD84y5Ym68OK9TKlR1ry3s4vfrU-mFsaR-QBwZZBGo0lPcOCeXRKJaaEExnJ4RhhsQ-ywZtzItWfcgC6WfYkhnWQ-OBLj42OljcUaCfN1HdCgMa5z9WRmGFXEI6RfGrjmHWmt7J51TFZ693fD4sLPy4IvW_UyZ7LfMkepplOXUTNPKUwvSDRgPvni2xMjCn6BlJp4uf5mYmGhCJA617nrBKXiwrccyyGvIjXNkVffCFjoURXa_SslfZd049q4ZiYHFW5AO10xDLePzX9NaWfDhXm35RLjKWaMrO8BWdX3v-cqbBMN7DvyR0-hfihyYu7xVLwyPa7VyL-Rdi5Md6Nfwr6IvpihuDIO6ODbJ5BDdThaIiasH3EbqcwlESUUz3pYXesP03tsrHwfhrh-JaCn14ocJz7YQdNv9g1Xvpuf9O-26GsGQ3b4kJXY9OWYzN2TWp-8OryTxDKdd1ZpvhK8O0V2xeDZpuTph_KWI-yOehvBlst-nyBu78RxLHje6yr60d-6MD0P40J2qa6QUYbc7T7PKGJJwk2d7Yg7FivfgHHwXMFZYZOuwpBo_lFkWaSq0BIMKRv9r0J0myJS3llkptm_o74mtzvvUd_AcWLxDLR4I2yNXTMZYtNmlW14ObkTs56ga-9CH4GBiz9aY",
            "id": "2024-04-18 03:23:16.740927 +0000 UTC",
            "uaa_access_token": "",
            "uaa_refresh_token": ""
          },
          "sensitive_attributes": []
        }
      ]
    },
    {
      "mode": "data",
      "type": "ibm_resource_group",
      "name": "resource_group",
      "provider": "provider[\"registry.terraform.io/ibm-cloud/ibm\"]",
      "instances": [
        {
          "schema_version": 0,
          "attributes": {
            "account_id": "abac0df06b644a9cabc6e44f55b3880e",
            "created_at": "2024-04-08T08:56:28.544Z",
            "crn": "crn:v1:bluemix:public:resource-controller::a/abac0df06b644a9cabc6e44f55b3880e::resource-group:e44a66345f0142a4aa2cd038841f57df",
            "id": "e44a66345f0142a4aa2cd038841f57df",
            "is_default": false,
            "name": "jejschematics",
            "payment_methods_url": null,
            "quota_id": "a3d7b8d01e261c24677937c29ab33f3c",
            "quota_url": "/v2/quota_definitions/a3d7b8d01e261c24677937c29ab33f3c",
            "resource_linkages": [],
            "state": "ACTIVE",
            "teams_url": null,
            "updated_at": "2024-04-08T08:56:28.544Z"
          },
          "sensitive_attributes": []
        }
      ]
    },
    {
      "mode": "managed",
      "type": "ibm_is_subnet",
      "name": "subnet1",
      "provider": "provider[\"registry.terraform.io/ibm-cloud/ibm\"]",
      "instances": [
        {
          "schema_version": 0,
          "attributes": {
            "access_tags": [],
            "available_ipv4_address_count": 250,
            "crn": "crn:v1:bluemix:public:is:au-syd-1:a/abac0df06b644a9cabc6e44f55b3880e::subnet:02h7-3cd1c3bc-4549-41a0-85fe-e5e964873c37",
            "id": "02h7-3cd1c3bc-4549-41a0-85fe-e5e964873c37",
            "ip_version": "ipv4",
            "ipv4_cidr_block": "10.245.0.0/24",
            "name": "jej-10apr-kp-subnet",
            "network_acl": "r026-68c18419-f505-4220-b53d-29dcd10861ed",
            "public_gateway": "",
            "resource_controller_url": "https://cloud.ibm.com/vpc-ext/network/subnets",
            "resource_crn": "crn:v1:bluemix:public:is:au-syd-1:a/abac0df06b644a9cabc6e44f55b3880e::subnet:02h7-3cd1c3bc-4549-41a0-85fe-e5e964873c37",
            "resource_group": "e44a66345f0142a4aa2cd038841f57df",
            "resource_group_name": "jejschematics",
            "resource_name": "jej-10apr-kp-subnet",
            "resource_status": "available",
            "routing_table": "r026-a35fc961-1cbc-4206-8f10-758aa43d9135",
            "status": "available",
            "tags": [],
            "timeouts": null,
            "total_ipv4_address_count": 256,
            "vpc": "r026-2098aff4-6d00-4b7c-936d-be35a98730f9",
            "zone": "au-syd-1"
          },
          "sensitive_attributes": [],
          "private": "eyJlMmJmYjczMC1lY2FhLTExZTYtOGY4OC0zNDM2M2JjN2M0YzAiOnsiY3JlYXRlIjo2MDAwMDAwMDAwMDAsImRlbGV0ZSI6NjAwMDAwMDAwMDAwLCJ1cGRhdGUiOjYwMDAwMDAwMDAwMH19",
          "dependencies": [
            "data.ibm_resource_group.resource_group",
            "ibm_is_vpc.vpc1"
          ]
        }
      ]
    },
    {
      "mode": "managed",
      "type": "ibm_is_subnet_reserved_ip",
      "name": "reservedip",
      "provider": "provider[\"registry.terraform.io/ibm-cloud/ibm\"]",
      "instances": [
        {
          "schema_version": 0,
          "attributes": {
            "address": "10.245.0.4",
            "auto_delete": false,
            "created_at": "2024-04-18T03:19:36.000Z",
            "href": "https://au-syd.iaas.cloud.ibm.com/v1/subnets/02h7-3cd1c3bc-4549-41a0-85fe-e5e964873c37/reserved_ips/02h7-9b79e1d9-2a75-47e7-b921-ccf3738e0db8",
            "id": "02h7-3cd1c3bc-4549-41a0-85fe-e5e964873c37/02h7-9b79e1d9-2a75-47e7-b921-ccf3738e0db8",
            "lifecycle_state": "stable",
            "name": "athlete-makeshift-panoramic-tastiness",
            "owner": "user",
            "reserved_ip": "02h7-9b79e1d9-2a75-47e7-b921-ccf3738e0db8",
            "resource_type": "subnet_reserved_ip",
            "subnet": "02h7-3cd1c3bc-4549-41a0-85fe-e5e964873c37",
            "target": null,
            "target_crn": null,
            "timeouts": null
          },
          "sensitive_attributes": [],
          "private": "eyJlMmJmYjczMC1lY2FhLTExZTYtOGY4OC0zNDM2M2JjN2M0YzAiOnsiY3JlYXRlIjo2MDAwMDAwMDAwMDAsImRlbGV0ZSI6NjAwMDAwMDAwMDAwfX0=",
          "dependencies": [
            "data.ibm_resource_group.resource_group",
            "ibm_is_subnet.subnet1",
            "ibm_is_vpc.vpc1"
          ]
        }
      ]
    },
    {
      "mode": "managed",
      "type": "ibm_is_virtual_endpoint_gateway",
      "name": "endpoint_gateways",
      "provider": "provider[\"registry.terraform.io/ibm-cloud/ibm\"]",
      "instances": [
        {
          "schema_version": 0,
          "attributes": {
            "access_tags": [],
            "allow_dns_resolution_binding": true,
            "created_at": "2024-04-18T03:19:38.000Z",
            "crn": "crn:v1:bluemix:public:is:au-syd:a/abac0df06b644a9cabc6e44f55b3880e::endpoint-gateway:r026-7a111b3a-2efd-42be-b458-e148703aa59c",
            "health_state": "ok",
            "id": "r026-7a111b3a-2efd-42be-b458-e148703aa59c",
            "ips": [],
            "lifecycle_state": "stable",
            "name": "jej-10apr-kp-vpe",
            "resource_group": "e44a66345f0142a4aa2cd038841f57df",
            "resource_type": "endpoint_gateway",
            "security_groups": [
              "r026-4d36529f-ac0c-433c-bb19-e14f53f1d0d9"
            ],
            "service_endpoints": [
              "private.au-syd.kms.cloud.ibm.com"
            ],
            "tags": [],
            "target": [
              {
                "crn": "crn:v1:bluemix:public:kms:au-syd:::endpoint:private.au-syd.kms.cloud.ibm.com",
                "name": "",
                "resource_type": "provider_cloud_service"
              }
            ],
            "timeouts": null,
            "vpc": "r026-2098aff4-6d00-4b7c-936d-be35a98730f9"
          },
          "sensitive_attributes": [],
          "private": "eyJlMmJmYjczMC1lY2FhLTExZTYtOGY4OC0zNDM2M2JjN2M0YzAiOnsiY3JlYXRlIjoxODAwMDAwMDAwMDAwLCJkZWxldGUiOjE4MDAwMDAwMDAwMDAsInVwZGF0ZSI6MTgwMDAwMDAwMDAwMH19",
          "dependencies": [
            "data.ibm_resource_group.resource_group",
            "ibm_is_subnet.subnet1",
            "ibm_is_vpc.vpc1",
            "ibm_resource_instance.kms"
          ]
        }
      ]
    },
    {
      "mode": "managed",
      "type": "ibm_is_vpc",
      "name": "vpc1",
      "provider": "provider[\"registry.terraform.io/ibm-cloud/ibm\"]",
      "instances": [
        {
          "schema_version": 0,
          "attributes": {
            "access_tags": [],
            "address_prefix_management": "auto",
            "classic_access": false,
            "crn": "crn:v1:bluemix:public:is:au-syd:a/abac0df06b644a9cabc6e44f55b3880e::vpc:r026-2098aff4-6d00-4b7c-936d-be35a98730f9",
            "cse_source_addresses": [
              {
                "address": "10.223.230.218",
                "zone_name": "au-syd-1"
              },
              {
                "address": "10.223.248.160",
                "zone_name": "au-syd-2"
              },
              {
                "address": "10.12.4.78",
                "zone_name": "au-syd-3"
              }
            ],
            "default_network_acl": "r026-68c18419-f505-4220-b53d-29dcd10861ed",
            "default_network_acl_crn": "crn:v1:bluemix:public:is:au-syd:a/abac0df06b644a9cabc6e44f55b3880e::network-acl:r026-68c18419-f505-4220-b53d-29dcd10861ed",
            "default_network_acl_name": "wagon-promotion-banter-lukewarm",
            "default_routing_table": "r026-a35fc961-1cbc-4206-8f10-758aa43d9135",
            "default_routing_table_name": "shower-expenses-cataract-ootid",
            "default_security_group": "r026-4d36529f-ac0c-433c-bb19-e14f53f1d0d9",
            "default_security_group_crn": "crn:v1:bluemix:public:is:au-syd:a/abac0df06b644a9cabc6e44f55b3880e::security-group:r026-4d36529f-ac0c-433c-bb19-e14f53f1d0d9",
            "default_security_group_name": "jej-10apr-kp-default-sg",
            "dns": [
              {
                "enable_hub": false,
                "resolution_binding_count": 0,
                "resolver": [
                  {
                    "configuration": "private_resolver",
                    "dns_binding_id": "",
                    "dns_binding_name": "",
                    "manual_servers": [],
                    "servers": [
                      {
                        "address": "161.26.0.7",
                        "zone_affinity": ""
                      },
                      {
                        "address": "161.26.0.8",
                        "zone_affinity": ""
                      }
                    ],
                    "type": "system",
                    "vpc_crn": "",
                    "vpc_id": "",
                    "vpc_name": "",
                    "vpc_remote_account_id": "",
                    "vpc_remote_region": ""
                  }
                ]
              }
            ],
            "health_reasons": [],
            "health_state": "ok",
            "id": "r026-2098aff4-6d00-4b7c-936d-be35a98730f9",
            "name": "jej-10apr-kp-vpc",
            "no_sg_acl_rules": false,
            "resource_controller_url": "https://cloud.ibm.com/vpc-ext/network/vpcs",
            "resource_crn": "crn:v1:bluemix:public:is:au-syd:a/abac0df06b644a9cabc6e44f55b3880e::vpc:r026-2098aff4-6d00-4b7c-936d-be35a98730f9",
            "resource_group": "e44a66345f0142a4aa2cd038841f57df",
            "resource_group_name": "jejschematics",
            "resource_name": "jej-10apr-kp-vpc",
            "resource_status": "available",
            "security_group": [
              {
                "group_id": "r026-4d36529f-ac0c-433c-bb19-e14f53f1d0d9",
                "group_name": "jej-10apr-kp-default-sg",
                "rules": [
                  {
                    "code": 0,
                    "direction": "outbound",
                    "ip_version": "ipv4",
                    "port_max": 0,
                    "port_min": 0,
                    "protocol": "all",
                    "remote": "0.0.0.0/0",
                    "rule_id": "r026-d086d682-fdb2-487a-8ec0-7a24d5490bd3",
                    "type": 0
                  },
                  {
                    "code": 0,
                    "direction": "inbound",
                    "ip_version": "ipv4",
                    "port_max": 0,
                    "port_min": 0,
                    "protocol": "all",
                    "remote": "r026-4d36529f-ac0c-433c-bb19-e14f53f1d0d9",
                    "rule_id": "r026-087435e2-7355-4eb8-9077-006c163b5b64",
                    "type": 0
                  }
                ]
              }
            ],
            "status": "available",
            "subnets": [
              {
                "available_ipv4_address_count": 250,
                "id": "02h7-3cd1c3bc-4549-41a0-85fe-e5e964873c37",
                "name": "jej-10apr-kp-subnet",
                "status": "available",
                "total_ipv4_address_count": 256,
                "zone": "au-syd-1"
              }
            ],
            "tags": [],
            "timeouts": null
          },
          "sensitive_attributes": [],
          "private": "eyJlMmJmYjczMC1lY2FhLTExZTYtOGY4OC0zNDM2M2JjN2M0YzAiOnsiY3JlYXRlIjo2MDAwMDAwMDAwMDAsImRlbGV0ZSI6NjAwMDAwMDAwMDAwfX0=",
          "dependencies": [
            "data.ibm_resource_group.resource_group"
          ]
        }
      ]
    },
    {
      "mode": "managed",
      "type": "ibm_resource_instance",
      "name": "kms",
      "provider": "provider[\"registry.terraform.io/ibm-cloud/ibm\"]",
      "instances": [
        {
          "schema_version": 0,
          "attributes": {
            "account_id": "abac0df06b644a9cabc6e44f55b3880e",
            "allow_cleanup": false,
            "created_at": "2024-04-18T03:18:58.091Z",
            "created_by": "IBMid-110000R23C",
            "crn": "crn:v1:bluemix:public:kms:au-syd:a/abac0df06b644a9cabc6e44f55b3880e:3f706d11-415d-461f-a468-891f20376aa9::",
            "dashboard_url": "/keyprotect/crn%3Av1%3Abluemix%3Apublic%3Akms%3Aau-syd%3Aa%2Fabac0df06b644a9cabc6e44f55b3880e%3A3f706d11-415d-461f-a468-891f20376aa9%3A%3A",
            "deleted_at": null,
            "deleted_by": "",
            "extensions": {
              "endpoints.private": "https://private.au-syd.kms.cloud.ibm.com",
              "endpoints.public": "https://au-syd.kms.cloud.ibm.com"
            },
            "guid": "3f706d11-415d-461f-a468-891f20376aa9",
            "id": "crn:v1:bluemix:public:kms:au-syd:a/abac0df06b644a9cabc6e44f55b3880e:3f706d11-415d-461f-a468-891f20376aa9::",
            "last_operation": {
              "async": "false",
              "cancelable": "false",
              "description": "Completed create instance operation",
              "poll": "false",
              "state": "succeeded",
              "type": "create"
            },
            "location": "au-syd",
            "locked": false,
            "name": "jej-10apr-kp-private",
            "parameters": {
              "allowed_network": "private-only"
            },
            "parameters_json": null,
            "plan": "tiered-pricing",
            "plan_history": [
              {
                "resource_plan_id": "eedd3585-90c6-4c8f-be3d-062069e99fc3",
                "start_date": "2024-04-18T03:18:58.091Z"
              }
            ],
            "resource_aliases_url": "/v2/resource_instances/3f706d11-415d-461f-a468-891f20376aa9/resource_aliases",
            "resource_bindings_url": "/v2/resource_instances/3f706d11-415d-461f-a468-891f20376aa9/resource_bindings",
            "resource_controller_url": "https://cloud.ibm.com/services/",
            "resource_crn": "crn:v1:bluemix:public:kms:au-syd:a/abac0df06b644a9cabc6e44f55b3880e:3f706d11-415d-461f-a468-891f20376aa9::",
            "resource_group_crn": "crn:v1:bluemix:public:resource-controller::a/abac0df06b644a9cabc6e44f55b3880e::resource-group:e44a66345f0142a4aa2cd038841f57df",
            "resource_group_id": "e44a66345f0142a4aa2cd038841f57df",
            "resource_group_name": "crn:v1:bluemix:public:resource-controller::a/abac0df06b644a9cabc6e44f55b3880e::resource-group:e44a66345f0142a4aa2cd038841f57df",
            "resource_id": "ee41347f-b18e-4ca6-bf80-b5467c63f9a6",
            "resource_keys_url": "/v2/resource_instances/3f706d11-415d-461f-a468-891f20376aa9/resource_keys",
            "resource_name": "jej-10apr-kp-private",
            "resource_plan_id": "eedd3585-90c6-4c8f-be3d-062069e99fc3",
            "resource_status": "active",
            "restored_at": null,
            "restored_by": "",
            "scheduled_reclaim_at": null,
            "scheduled_reclaim_by": "",
            "service": "kms",
            "service_endpoints": "private",
            "state": "active",
            "status": "active",
            "sub_type": "kms",
            "tags": [],
            "target_crn": "crn:v1:bluemix:public:globalcatalog::::deployment:eedd3585-90c6-4c8f-be3d-062069e99fc3%3Aau-syd",
            "timeouts": {
              "create": "20m",
              "delete": null,
              "update": null
            },
            "type": "service_instance",
            "update_at": "2024-04-18T03:18:58.991Z",
            "update_by": ""
          },
          "sensitive_attributes": [],
          "private": "eyJlMmJmYjczMC1lY2FhLTExZTYtOGY4OC0zNDM2M2JjN2M0YzAiOnsiY3JlYXRlIjoxMjAwMDAwMDAwMDAwLCJkZWxldGUiOjYwMDAwMDAwMDAwMCwidXBkYXRlIjo2MDAwMDAwMDAwMDB9fQ==",
          "dependencies": [
            "data.ibm_resource_group.resource_group"
          ]
        }
      ]
    },
    {
      "mode": "managed",
      "type": "time_sleep",
      "name": "wait_120_seconds",
      "provider": "provider[\"registry.terraform.io/hashicorp/time\"]",
      "instances": [
        {
          "schema_version": 0,
          "attributes": {
            "create_duration": "120s",
            "destroy_duration": null,
            "id": "2024-04-18T03:21:10Z",
            "triggers": null
          },
          "sensitive_attributes": [],
          "dependencies": [
            "data.ibm_resource_group.resource_group",
            "ibm_resource_instance.kms"
          ]
        }
      ]
    }
  ],
  "check_results": [
    {
      "object_kind": "var",
      "config_addr": "var.service_endpoints",
      "status": "pass",
      "objects": [
        {
          "object_addr": "var.service_endpoints",
          "status": "pass"
        }
      ]
    }
  ]
}
